// !$*UTF8*$!
{
	archiveVersion = 1;
	classes = {
	};
	objectVersion = 46;
	objects = {

/* Begin PBXBuildFile section */
		1D3623260D0F684500981E51 /* Simple_RSSAppDelegate.m in Sources */ = {isa = PBXBuildFile; fileRef = 1D3623250D0F684500981E51 /* Simple_RSSAppDelegate.m */; };
		1D60589B0D05DD56006BFB54 /* main.m in Sources */ = {isa = PBXBuildFile; fileRef = 29B97316FDCFA39411CA2CEA /* main.m */; };
		1D60589F0D05DD5A006BFB54 /* Foundation.framework in Frameworks */ = {isa = PBXBuildFile; fileRef = 1D30AB110D05D00D00671497 /* Foundation.framework */; };
		1DF5F4E00D08C38300B7A737 /* UIKit.framework in Frameworks */ = {isa = PBXBuildFile; fileRef = 1DF5F4DF0D08C38300B7A737 /* UIKit.framework */; };
		2804200C108E984D000629CD /* DetailViewController.m in Sources */ = {isa = PBXBuildFile; fileRef = 2804200A108E984D000629CD /* DetailViewController.m */; };
		2804203C108E9BAB000629CD /* DetailView.xib in Resources */ = {isa = PBXBuildFile; fileRef = 2804203B108E9BAB000629CD /* DetailView.xib */; };
		2892E4100DC94CBA00A64D0F /* CoreGraphics.framework in Frameworks */ = {isa = PBXBuildFile; fileRef = 2892E40F0DC94CBA00A64D0F /* CoreGraphics.framework */; };
		28AD73600D9D9599002E5188 /* MainWindow.xib in Resources */ = {isa = PBXBuildFile; fileRef = 28AD735F0D9D9599002E5188 /* MainWindow.xib */; };
		F001839B119520CD003DD2E4 /* Feed.m in Sources */ = {isa = PBXBuildFile; fileRef = F001839A119520CD003DD2E4 /* Feed.m */; };
		F00183E4119539A6003DD2E4 /* libsqlite3.0.dylib in Frameworks */ = {isa = PBXBuildFile; fileRef = F00183E3119539A6003DD2E4 /* libsqlite3.0.dylib */; };
		F049CFA511998D6700101980 /* EGODB.m in Sources */ = {isa = PBXBuildFile; fileRef = F049CFA411998D6700101980 /* EGODB.m */; };
		F049D161119B054200101980 /* MySingleton.m in Sources */ = {isa = PBXBuildFile; fileRef = F049D160119B054200101980 /* MySingleton.m */; };
		F049D1D5119BA3CB00101980 /* RSSParser.m in Sources */ = {isa = PBXBuildFile; fileRef = F049D1D4119BA3CB00101980 /* RSSParser.m */; };
		F049D25A119BBDAD00101980 /* DateHelper.m in Sources */ = {isa = PBXBuildFile; fileRef = F049D259119BBDAD00101980 /* DateHelper.m */; };
		F049D2E0119BEA3600101980 /* UserDefinedConst.m in Sources */ = {isa = PBXBuildFile; fileRef = F049D2DF119BEA3600101980 /* UserDefinedConst.m */; };
		F049F44C117D70E100B94F8E /* AuthViewController.m in Sources */ = {isa = PBXBuildFile; fileRef = F049F44A117D70E100B94F8E /* AuthViewController.m */; };
		F049F44D117D70E100B94F8E /* AuthViewController.xib in Resources */ = {isa = PBXBuildFile; fileRef = F049F44B117D70E100B94F8E /* AuthViewController.xib */; };
		F04FAE631186A0BC001E7A1B /* GoogleReaderHelper.m in Sources */ = {isa = PBXBuildFile; fileRef = F04FAE5F1186A0BC001E7A1B /* GoogleReaderHelper.m */; };
		F04FAEC911876116001E7A1B /* Login.png in Resources */ = {isa = PBXBuildFile; fileRef = F04FAEC811876116001E7A1B /* Login.png */; };
		F04FAED7118762A6001E7A1B /* Button.png in Resources */ = {isa = PBXBuildFile; fileRef = F04FAED6118762A6001E7A1B /* Button.png */; };
		F05E3242119017550059DE7A /* NSObject+SBJSON.m in Sources */ = {isa = PBXBuildFile; fileRef = F05E3237119017550059DE7A /* NSObject+SBJSON.m */; };
		F05E3243119017550059DE7A /* NSString+SBJSON.m in Sources */ = {isa = PBXBuildFile; fileRef = F05E3239119017550059DE7A /* NSString+SBJSON.m */; };
		F05E3244119017550059DE7A /* SBJSON.m in Sources */ = {isa = PBXBuildFile; fileRef = F05E323B119017550059DE7A /* SBJSON.m */; };
		F05E3245119017550059DE7A /* SBJsonBase.m in Sources */ = {isa = PBXBuildFile; fileRef = F05E323D119017550059DE7A /* SBJsonBase.m */; };
		F05E3246119017550059DE7A /* SBJsonParser.m in Sources */ = {isa = PBXBuildFile; fileRef = F05E323F119017550059DE7A /* SBJsonParser.m */; };
		F05E3247119017550059DE7A /* SBJsonWriter.m in Sources */ = {isa = PBXBuildFile; fileRef = F05E3241119017550059DE7A /* SBJsonWriter.m */; };
		F05E326411901B400059DE7A /* FolderViewController.m in Sources */ = {isa = PBXBuildFile; fileRef = F05E326211901B400059DE7A /* FolderViewController.m */; };
		F05E326511901B400059DE7A /* FolderViewController.xib in Resources */ = {isa = PBXBuildFile; fileRef = F05E326311901B400059DE7A /* FolderViewController.xib */; };
		F0A7558B119D15E70081498E /* ASIAuthenticationDialog.m in Sources */ = {isa = PBXBuildFile; fileRef = F0A75580119D15E70081498E /* ASIAuthenticationDialog.m */; };
		F0A7558C119D15E70081498E /* ASIInputStream.m in Sources */ = {isa = PBXBuildFile; fileRef = F0A75582119D15E70081498E /* ASIInputStream.m */; };
		F0A7558D119D15E70081498E /* ASIFormDataRequest.m in Sources */ = {isa = PBXBuildFile; fileRef = F0A75584119D15E70081498E /* ASIFormDataRequest.m */; };
		F0A7558E119D15E70081498E /* ASIHTTPRequest.m in Sources */ = {isa = PBXBuildFile; fileRef = F0A75586119D15E70081498E /* ASIHTTPRequest.m */; };
		F0A7558F119D15E70081498E /* ASINetworkQueue.m in Sources */ = {isa = PBXBuildFile; fileRef = F0A75588119D15E70081498E /* ASINetworkQueue.m */; };
		F0A75590119D15E70081498E /* ASINSStringAdditions.m in Sources */ = {isa = PBXBuildFile; fileRef = F0A7558A119D15E70081498E /* ASINSStringAdditions.m */; };
		F0A75598119D16160081498E /* CFNetwork.framework in Frameworks */ = {isa = PBXBuildFile; fileRef = F0A75597119D16160081498E /* CFNetwork.framework */; };
		F0A7559A119D16210081498E /* SystemConfiguration.framework in Frameworks */ = {isa = PBXBuildFile; fileRef = F0A75599119D16210081498E /* SystemConfiguration.framework */; };
		F0A7559C119D162D0081498E /* MobileCoreServices.framework in Frameworks */ = {isa = PBXBuildFile; fileRef = F0A7559B119D162D0081498E /* MobileCoreServices.framework */; };
		F0A7559F119D164F0081498E /* libz.1.1.3.dylib in Frameworks */ = {isa = PBXBuildFile; fileRef = F0A7559D119D16490081498E /* libz.1.1.3.dylib */; };
		F0A755AD119D17260081498E /* Reachability.m in Sources */ = {isa = PBXBuildFile; fileRef = F0A755AC119D17260081498E /* Reachability.m */; };
		F0D15ABC119906C200D396DF /* EGODatabase.m in Sources */ = {isa = PBXBuildFile; fileRef = F0D15AB4119906C200D396DF /* EGODatabase.m */; };
		F0D15ABD119906C200D396DF /* EGODatabaseRequest.m in Sources */ = {isa = PBXBuildFile; fileRef = F0D15AB6119906C200D396DF /* EGODatabaseRequest.m */; };
		F0D15ABE119906C200D396DF /* EGODatabaseResult.m in Sources */ = {isa = PBXBuildFile; fileRef = F0D15AB8119906C200D396DF /* EGODatabaseResult.m */; };
		F0D15ABF119906C200D396DF /* EGODatabaseRow.m in Sources */ = {isa = PBXBuildFile; fileRef = F0D15ABA119906C200D396DF /* EGODatabaseRow.m */; };
		F0D15AC0119906C200D396DF /* README.markdown in Resources */ = {isa = PBXBuildFile; fileRef = F0D15ABB119906C200D396DF /* README.markdown */; };
		F0D15AED119909A500D396DF /* Experiment.m in Sources */ = {isa = PBXBuildFile; fileRef = F0D15AEC119909A500D396DF /* Experiment.m */; };
		FC2362D211C089500046C6D9 /* CustomHeaderView.m in Sources */ = {isa = PBXBuildFile; fileRef = FC2362D111C089500046C6D9 /* CustomHeaderView.m */; };
		FC23638811C0D6410046C6D9 /* SectionHeader_BG.png in Resources */ = {isa = PBXBuildFile; fileRef = FC23638711C0D6410046C6D9 /* SectionHeader_BG.png */; };
		FC23639F11C164AC0046C6D9 /* NewsListVC.m in Sources */ = {isa = PBXBuildFile; fileRef = FC23639E11C164AC0046C6D9 /* NewsListVC.m */; };
		FC23668D11C2A28E0046C6D9 /* Section.m in Sources */ = {isa = PBXBuildFile; fileRef = FC23668C11C2A28E0046C6D9 /* Section.m */; };
		FC3015FE11A780260051A7B6 /* NewsViewController.m in Sources */ = {isa = PBXBuildFile; fileRef = FC3015FC11A780260051A7B6 /* NewsViewController.m */; };
		FC3015FF11A780260051A7B6 /* NewsViewController.xib in Resources */ = {isa = PBXBuildFile; fileRef = FC3015FD11A780260051A7B6 /* NewsViewController.xib */; };
		FC795EDA11AB72BB004F50F9 /* SimpleRSS.css in Resources */ = {isa = PBXBuildFile; fileRef = FC795ED811AB72BA004F50F9 /* SimpleRSS.css */; };
		FC795EDB11AB72BB004F50F9 /* SimpleRSSTest.html in Resources */ = {isa = PBXBuildFile; fileRef = FC795ED911AB72BB004F50F9 /* SimpleRSSTest.html */; };
		FC8D6DDF11AD2390007F94AB /* Group.m in Sources */ = {isa = PBXBuildFile; fileRef = FC8D6DDE11AD2390007F94AB /* Group.m */; };
		FC8D709111AE7215007F94AB /* Football.png in Resources */ = {isa = PBXBuildFile; fileRef = FC8D709011AE7215007F94AB /* Football.png */; };
		FC8D711C11AE9BB6007F94AB /* FolderCell.m in Sources */ = {isa = PBXBuildFile; fileRef = FC8D711B11AE9BB6007F94AB /* FolderCell.m */; };
		FC8D712111AE9C4C007F94AB /* FolderCell.xib in Resources */ = {isa = PBXBuildFile; fileRef = FC8D712011AE9C4C007F94AB /* FolderCell.xib */; };
		FC8D72B111AFD0F4007F94AB /* Folder.png in Resources */ = {isa = PBXBuildFile; fileRef = FC8D72B011AFD0F4007F94AB /* Folder.png */; };
		FC8D72C311AFD1AC007F94AB /* Folder1.png in Resources */ = {isa = PBXBuildFile; fileRef = FC8D72C211AFD1AC007F94AB /* Folder1.png */; };
		FC8D72DC11AFD5D0007F94AB /* NewsCell.m in Sources */ = {isa = PBXBuildFile; fileRef = FC8D72DB11AFD5D0007F94AB /* NewsCell.m */; };
		FC8D72E411AFD8C0007F94AB /* NewsCell.xib in Resources */ = {isa = PBXBuildFile; fileRef = FC8D72E311AFD8C0007F94AB /* NewsCell.xib */; };
		FC8D731D11AFDDEA007F94AB /* Feed.png in Resources */ = {isa = PBXBuildFile; fileRef = FC8D731C11AFDDEA007F94AB /* Feed.png */; };
		FC9EDD3711B41FFF00AC8822 /* QuartzCore.framework in Frameworks */ = {isa = PBXBuildFile; fileRef = FC9EDD3611B41FFF00AC8822 /* QuartzCore.framework */; };
		FCA889F011B7978800980051 /* FolderCompositeCell.m in Sources */ = {isa = PBXBuildFile; fileRef = FCA889EF11B7978800980051 /* FolderCompositeCell.m */; };
		FCA88AAF11B7A23F00980051 /* NewsCompositeCell.m in Sources */ = {isa = PBXBuildFile; fileRef = FCA88AAE11B7A23F00980051 /* NewsCompositeCell.m */; };
		FCA88AF711B7BD9E00980051 /* GoogleReaderSync.m in Sources */ = {isa = PBXBuildFile; fileRef = FCA88AF611B7BD9E00980051 /* GoogleReaderSync.m */; };
		FCB33A5B11B4A369001D491B /* NSDataAdditions.m in Sources */ = {isa = PBXBuildFile; fileRef = FCB33A5811B4A369001D491B /* NSDataAdditions.m */; };
		FCB33A5C11B4A369001D491B /* TBXML.m in Sources */ = {isa = PBXBuildFile; fileRef = FCB33A5A11B4A369001D491B /* TBXML.m */; };
		FCB33B0E11B4B103001D491B /* MyHTMLStripper.m in Sources */ = {isa = PBXBuildFile; fileRef = FCB33B0D11B4B103001D491B /* MyHTMLStripper.m */; };
		FCBC75AD11B90BB000F60857 /* AppIcon.png in Resources */ = {isa = PBXBuildFile; fileRef = FCBC75AC11B90BB000F60857 /* AppIcon.png */; };
		FCBC772811B92E7200F60857 /* SimpleRSS.sqlite in Resources */ = {isa = PBXBuildFile; fileRef = FCBC772711B92E7200F60857 /* SimpleRSS.sqlite */; };
		FCEFD6EC11A4E44C00FB001D /* NewsItem.m in Sources */ = {isa = PBXBuildFile; fileRef = FCEFD6EB11A4E44C00FB001D /* NewsItem.m */; };
/* End PBXBuildFile section */

/* Begin PBXFileReference section */
		1D30AB110D05D00D00671497 /* Foundation.framework */ = {isa = PBXFileReference; lastKnownFileType = wrapper.framework; name = Foundation.framework; path = System/Library/Frameworks/Foundation.framework; sourceTree = SDKROOT; };
		1D3623240D0F684500981E51 /* Simple_RSSAppDelegate.h */ = {isa = PBXFileReference; fileEncoding = 4; lastKnownFileType = sourcecode.c.h; path = Simple_RSSAppDelegate.h; sourceTree = "<group>"; };
		1D3623250D0F684500981E51 /* Simple_RSSAppDelegate.m */ = {isa = PBXFileReference; fileEncoding = 4; lastKnownFileType = sourcecode.c.objc; path = Simple_RSSAppDelegate.m; sourceTree = "<group>"; };
		1D6058910D05DD3D006BFB54 /* Simple RSS.app */ = {isa = PBXFileReference; explicitFileType = wrapper.application; includeInIndex = 0; path = "Simple RSS.app"; sourceTree = BUILT_PRODUCTS_DIR; };
		1DF5F4DF0D08C38300B7A737 /* UIKit.framework */ = {isa = PBXFileReference; lastKnownFileType = wrapper.framework; name = UIKit.framework; path = System/Library/Frameworks/UIKit.framework; sourceTree = SDKROOT; };
		28042009108E984D000629CD /* DetailViewController.h */ = {isa = PBXFileReference; fileEncoding = 4; lastKnownFileType = sourcecode.c.h; path = DetailViewController.h; sourceTree = "<group>"; };
		2804200A108E984D000629CD /* DetailViewController.m */ = {isa = PBXFileReference; fileEncoding = 4; lastKnownFileType = sourcecode.c.objc; path = DetailViewController.m; sourceTree = "<group>"; };
		2804203B108E9BAB000629CD /* DetailView.xib */ = {isa = PBXFileReference; lastKnownFileType = file.xib; path = DetailView.xib; sourceTree = "<group>"; };
		2892E40F0DC94CBA00A64D0F /* CoreGraphics.framework */ = {isa = PBXFileReference; lastKnownFileType = wrapper.framework; name = CoreGraphics.framework; path = System/Library/Frameworks/CoreGraphics.framework; sourceTree = SDKROOT; };
		28A0AAE50D9B0CCF005BE974 /* Simple_RSS_Prefix.pch */ = {isa = PBXFileReference; fileEncoding = 4; lastKnownFileType = sourcecode.c.h; path = Simple_RSS_Prefix.pch; sourceTree = "<group>"; };
		28AD735F0D9D9599002E5188 /* MainWindow.xib */ = {isa = PBXFileReference; lastKnownFileType = file.xib; path = MainWindow.xib; sourceTree = "<group>"; };
		29B97316FDCFA39411CA2CEA /* main.m */ = {isa = PBXFileReference; fileEncoding = 4; lastKnownFileType = sourcecode.c.objc; path = main.m; sourceTree = "<group>"; };
		8D1107310486CEB800E47090 /* Simple_RSS-Info.plist */ = {isa = PBXFileReference; fileEncoding = 4; lastKnownFileType = text.plist.xml; path = "Simple_RSS-Info.plist"; plistStructureDefinitionIdentifier = "com.apple.xcode.plist.structure-definition.iphone.info-plist"; sourceTree = "<group>"; };
		F0018399119520CD003DD2E4 /* Feed.h */ = {isa = PBXFileReference; fileEncoding = 4; lastKnownFileType = sourcecode.c.h; path = Feed.h; sourceTree = "<group>"; };
		F001839A119520CD003DD2E4 /* Feed.m */ = {isa = PBXFileReference; fileEncoding = 4; lastKnownFileType = sourcecode.c.objc; path = Feed.m; sourceTree = "<group>"; };
		F00183E3119539A6003DD2E4 /* libsqlite3.0.dylib */ = {isa = PBXFileReference; lastKnownFileType = "compiled.mach-o.dylib"; name = libsqlite3.0.dylib; path = usr/lib/libsqlite3.0.dylib; sourceTree = SDKROOT; };
		F049CFA311998D6700101980 /* EGODB.h */ = {isa = PBXFileReference; fileEncoding = 4; lastKnownFileType = sourcecode.c.h; path = EGODB.h; sourceTree = "<group>"; };
		F049CFA411998D6700101980 /* EGODB.m */ = {isa = PBXFileReference; fileEncoding = 4; lastKnownFileType = sourcecode.c.objc; path = EGODB.m; sourceTree = "<group>"; wrapsLines = 1; };
		F049D15F119B054200101980 /* MySingleton.h */ = {isa = PBXFileReference; fileEncoding = 4; lastKnownFileType = sourcecode.c.h; name = MySingleton.h; path = ../MySingleton.h; sourceTree = "<group>"; };
		F049D160119B054200101980 /* MySingleton.m */ = {isa = PBXFileReference; fileEncoding = 4; lastKnownFileType = sourcecode.c.objc; name = MySingleton.m; path = ../MySingleton.m; sourceTree = "<group>"; };
		F049D1D3119BA3CB00101980 /* RSSParser.h */ = {isa = PBXFileReference; fileEncoding = 4; lastKnownFileType = sourcecode.c.h; path = RSSParser.h; sourceTree = "<group>"; };
		F049D1D4119BA3CB00101980 /* RSSParser.m */ = {isa = PBXFileReference; fileEncoding = 4; lastKnownFileType = sourcecode.c.objc; path = RSSParser.m; sourceTree = "<group>"; wrapsLines = 1; };
		F049D258119BBDAD00101980 /* DateHelper.h */ = {isa = PBXFileReference; fileEncoding = 4; lastKnownFileType = sourcecode.c.h; path = DateHelper.h; sourceTree = "<group>"; };
		F049D259119BBDAD00101980 /* DateHelper.m */ = {isa = PBXFileReference; fileEncoding = 4; lastKnownFileType = sourcecode.c.objc; path = DateHelper.m; sourceTree = "<group>"; };
		F049D2DE119BEA3600101980 /* UserDefinedConst.h */ = {isa = PBXFileReference; fileEncoding = 4; lastKnownFileType = sourcecode.c.h; name = UserDefinedConst.h; path = ../UserDefinedConst.h; sourceTree = "<group>"; };
		F049D2DF119BEA3600101980 /* UserDefinedConst.m */ = {isa = PBXFileReference; fileEncoding = 4; lastKnownFileType = sourcecode.c.objc; name = UserDefinedConst.m; path = ../UserDefinedConst.m; sourceTree = "<group>"; wrapsLines = 1; };
		F049F449117D70E100B94F8E /* AuthViewController.h */ = {isa = PBXFileReference; fileEncoding = 4; lastKnownFileType = sourcecode.c.h; name = AuthViewController.h; path = ../AuthViewController.h; sourceTree = "<group>"; };
		F049F44A117D70E100B94F8E /* AuthViewController.m */ = {isa = PBXFileReference; fileEncoding = 4; lastKnownFileType = sourcecode.c.objc; name = AuthViewController.m; path = ../AuthViewController.m; sourceTree = "<group>"; wrapsLines = 1; };
		F049F44B117D70E100B94F8E /* AuthViewController.xib */ = {isa = PBXFileReference; lastKnownFileType = file.xib; path = AuthViewController.xib; sourceTree = "<group>"; };
		F04FAE5E1186A0BC001E7A1B /* GoogleReaderHelper.h */ = {isa = PBXFileReference; fileEncoding = 4; lastKnownFileType = sourcecode.c.h; path = GoogleReaderHelper.h; sourceTree = "<group>"; };
		F04FAE5F1186A0BC001E7A1B /* GoogleReaderHelper.m */ = {isa = PBXFileReference; fileEncoding = 4; lastKnownFileType = sourcecode.c.objc; path = GoogleReaderHelper.m; sourceTree = "<group>"; };
		F04FAEC811876116001E7A1B /* Login.png */ = {isa = PBXFileReference; lastKnownFileType = image.png; path = Login.png; sourceTree = "<group>"; };
		F04FAED6118762A6001E7A1B /* Button.png */ = {isa = PBXFileReference; lastKnownFileType = image.png; path = Button.png; sourceTree = "<group>"; };
		F05E3235119017550059DE7A /* JSON.h */ = {isa = PBXFileReference; fileEncoding = 4; lastKnownFileType = sourcecode.c.h; path = JSON.h; sourceTree = "<group>"; };
		F05E3236119017550059DE7A /* NSObject+SBJSON.h */ = {isa = PBXFileReference; fileEncoding = 4; lastKnownFileType = sourcecode.c.h; path = "NSObject+SBJSON.h"; sourceTree = "<group>"; };
		F05E3237119017550059DE7A /* NSObject+SBJSON.m */ = {isa = PBXFileReference; fileEncoding = 4; lastKnownFileType = sourcecode.c.objc; path = "NSObject+SBJSON.m"; sourceTree = "<group>"; };
		F05E3238119017550059DE7A /* NSString+SBJSON.h */ = {isa = PBXFileReference; fileEncoding = 4; lastKnownFileType = sourcecode.c.h; path = "NSString+SBJSON.h"; sourceTree = "<group>"; };
		F05E3239119017550059DE7A /* NSString+SBJSON.m */ = {isa = PBXFileReference; fileEncoding = 4; lastKnownFileType = sourcecode.c.objc; path = "NSString+SBJSON.m"; sourceTree = "<group>"; };
		F05E323A119017550059DE7A /* SBJSON.h */ = {isa = PBXFileReference; fileEncoding = 4; lastKnownFileType = sourcecode.c.h; path = SBJSON.h; sourceTree = "<group>"; };
		F05E323B119017550059DE7A /* SBJSON.m */ = {isa = PBXFileReference; fileEncoding = 4; lastKnownFileType = sourcecode.c.objc; path = SBJSON.m; sourceTree = "<group>"; };
		F05E323C119017550059DE7A /* SBJsonBase.h */ = {isa = PBXFileReference; fileEncoding = 4; lastKnownFileType = sourcecode.c.h; path = SBJsonBase.h; sourceTree = "<group>"; };
		F05E323D119017550059DE7A /* SBJsonBase.m */ = {isa = PBXFileReference; fileEncoding = 4; lastKnownFileType = sourcecode.c.objc; path = SBJsonBase.m; sourceTree = "<group>"; };
		F05E323E119017550059DE7A /* SBJsonParser.h */ = {isa = PBXFileReference; fileEncoding = 4; lastKnownFileType = sourcecode.c.h; path = SBJsonParser.h; sourceTree = "<group>"; };
		F05E323F119017550059DE7A /* SBJsonParser.m */ = {isa = PBXFileReference; fileEncoding = 4; lastKnownFileType = sourcecode.c.objc; path = SBJsonParser.m; sourceTree = "<group>"; };
		F05E3240119017550059DE7A /* SBJsonWriter.h */ = {isa = PBXFileReference; fileEncoding = 4; lastKnownFileType = sourcecode.c.h; path = SBJsonWriter.h; sourceTree = "<group>"; };
		F05E3241119017550059DE7A /* SBJsonWriter.m */ = {isa = PBXFileReference; fileEncoding = 4; lastKnownFileType = sourcecode.c.objc; path = SBJsonWriter.m; sourceTree = "<group>"; };
		F05E326111901B400059DE7A /* FolderViewController.h */ = {isa = PBXFileReference; fileEncoding = 4; lastKnownFileType = sourcecode.c.h; path = FolderViewController.h; sourceTree = "<group>"; };
		F05E326211901B400059DE7A /* FolderViewController.m */ = {isa = PBXFileReference; fileEncoding = 4; lastKnownFileType = sourcecode.c.objc; path = FolderViewController.m; sourceTree = "<group>"; };
		F05E326311901B400059DE7A /* FolderViewController.xib */ = {isa = PBXFileReference; lastKnownFileType = file.xib; name = FolderViewController.xib; path = Classes/FolderViewController.xib; sourceTree = "<group>"; };
		F0A7557C119D15E70081498E /* ASIHTTPRequestConfig.h */ = {isa = PBXFileReference; fileEncoding = 4; lastKnownFileType = sourcecode.c.h; path = ASIHTTPRequestConfig.h; sourceTree = "<group>"; };
		F0A7557D119D15E70081498E /* ASIHTTPRequestDelegate.h */ = {isa = PBXFileReference; fileEncoding = 4; lastKnownFileType = sourcecode.c.h; path = ASIHTTPRequestDelegate.h; sourceTree = "<group>"; };
		F0A7557E119D15E70081498E /* ASIProgressDelegate.h */ = {isa = PBXFileReference; fileEncoding = 4; lastKnownFileType = sourcecode.c.h; path = ASIProgressDelegate.h; sourceTree = "<group>"; };
		F0A7557F119D15E70081498E /* ASIAuthenticationDialog.h */ = {isa = PBXFileReference; fileEncoding = 4; lastKnownFileType = sourcecode.c.h; path = ASIAuthenticationDialog.h; sourceTree = "<group>"; };
		F0A75580119D15E70081498E /* ASIAuthenticationDialog.m */ = {isa = PBXFileReference; fileEncoding = 4; lastKnownFileType = sourcecode.c.objc; path = ASIAuthenticationDialog.m; sourceTree = "<group>"; };
		F0A75581119D15E70081498E /* ASIInputStream.h */ = {isa = PBXFileReference; fileEncoding = 4; lastKnownFileType = sourcecode.c.h; path = ASIInputStream.h; sourceTree = "<group>"; };
		F0A75582119D15E70081498E /* ASIInputStream.m */ = {isa = PBXFileReference; fileEncoding = 4; lastKnownFileType = sourcecode.c.objc; path = ASIInputStream.m; sourceTree = "<group>"; };
		F0A75583119D15E70081498E /* ASIFormDataRequest.h */ = {isa = PBXFileReference; fileEncoding = 4; lastKnownFileType = sourcecode.c.h; path = ASIFormDataRequest.h; sourceTree = "<group>"; };
		F0A75584119D15E70081498E /* ASIFormDataRequest.m */ = {isa = PBXFileReference; fileEncoding = 4; lastKnownFileType = sourcecode.c.objc; path = ASIFormDataRequest.m; sourceTree = "<group>"; };
		F0A75585119D15E70081498E /* ASIHTTPRequest.h */ = {isa = PBXFileReference; fileEncoding = 4; lastKnownFileType = sourcecode.c.h; path = ASIHTTPRequest.h; sourceTree = "<group>"; };
		F0A75586119D15E70081498E /* ASIHTTPRequest.m */ = {isa = PBXFileReference; fileEncoding = 4; lastKnownFileType = sourcecode.c.objc; path = ASIHTTPRequest.m; sourceTree = "<group>"; };
		F0A75587119D15E70081498E /* ASINetworkQueue.h */ = {isa = PBXFileReference; fileEncoding = 4; lastKnownFileType = sourcecode.c.h; path = ASINetworkQueue.h; sourceTree = "<group>"; };
		F0A75588119D15E70081498E /* ASINetworkQueue.m */ = {isa = PBXFileReference; fileEncoding = 4; lastKnownFileType = sourcecode.c.objc; path = ASINetworkQueue.m; sourceTree = "<group>"; };
		F0A75589119D15E70081498E /* ASINSStringAdditions.h */ = {isa = PBXFileReference; fileEncoding = 4; lastKnownFileType = sourcecode.c.h; path = ASINSStringAdditions.h; sourceTree = "<group>"; };
		F0A7558A119D15E70081498E /* ASINSStringAdditions.m */ = {isa = PBXFileReference; fileEncoding = 4; lastKnownFileType = sourcecode.c.objc; path = ASINSStringAdditions.m; sourceTree = "<group>"; };
		F0A75597119D16160081498E /* CFNetwork.framework */ = {isa = PBXFileReference; lastKnownFileType = wrapper.framework; name = CFNetwork.framework; path = System/Library/Frameworks/CFNetwork.framework; sourceTree = SDKROOT; };
		F0A75599119D16210081498E /* SystemConfiguration.framework */ = {isa = PBXFileReference; lastKnownFileType = wrapper.framework; name = SystemConfiguration.framework; path = System/Library/Frameworks/SystemConfiguration.framework; sourceTree = SDKROOT; };
		F0A7559B119D162D0081498E /* MobileCoreServices.framework */ = {isa = PBXFileReference; lastKnownFileType = wrapper.framework; name = MobileCoreServices.framework; path = System/Library/Frameworks/MobileCoreServices.framework; sourceTree = SDKROOT; };
		F0A7559D119D16490081498E /* libz.1.1.3.dylib */ = {isa = PBXFileReference; lastKnownFileType = "compiled.mach-o.dylib"; name = libz.1.1.3.dylib; path = usr/lib/libz.1.1.3.dylib; sourceTree = SDKROOT; };
		F0A755AB119D17260081498E /* Reachability.h */ = {isa = PBXFileReference; fileEncoding = 4; lastKnownFileType = sourcecode.c.h; path = Reachability.h; sourceTree = "<group>"; };
		F0A755AC119D17260081498E /* Reachability.m */ = {isa = PBXFileReference; fileEncoding = 4; lastKnownFileType = sourcecode.c.objc; path = Reachability.m; sourceTree = "<group>"; };
		F0D15AB3119906C200D396DF /* EGODatabase.h */ = {isa = PBXFileReference; fileEncoding = 4; lastKnownFileType = sourcecode.c.h; path = EGODatabase.h; sourceTree = "<group>"; };
		F0D15AB4119906C200D396DF /* EGODatabase.m */ = {isa = PBXFileReference; fileEncoding = 4; lastKnownFileType = sourcecode.c.objc; path = EGODatabase.m; sourceTree = "<group>"; };
		F0D15AB5119906C200D396DF /* EGODatabaseRequest.h */ = {isa = PBXFileReference; fileEncoding = 4; lastKnownFileType = sourcecode.c.h; path = EGODatabaseRequest.h; sourceTree = "<group>"; };
		F0D15AB6119906C200D396DF /* EGODatabaseRequest.m */ = {isa = PBXFileReference; fileEncoding = 4; lastKnownFileType = sourcecode.c.objc; path = EGODatabaseRequest.m; sourceTree = "<group>"; };
		F0D15AB7119906C200D396DF /* EGODatabaseResult.h */ = {isa = PBXFileReference; fileEncoding = 4; lastKnownFileType = sourcecode.c.h; path = EGODatabaseResult.h; sourceTree = "<group>"; };
		F0D15AB8119906C200D396DF /* EGODatabaseResult.m */ = {isa = PBXFileReference; fileEncoding = 4; lastKnownFileType = sourcecode.c.objc; path = EGODatabaseResult.m; sourceTree = "<group>"; };
		F0D15AB9119906C200D396DF /* EGODatabaseRow.h */ = {isa = PBXFileReference; fileEncoding = 4; lastKnownFileType = sourcecode.c.h; path = EGODatabaseRow.h; sourceTree = "<group>"; };
		F0D15ABA119906C200D396DF /* EGODatabaseRow.m */ = {isa = PBXFileReference; fileEncoding = 4; lastKnownFileType = sourcecode.c.objc; path = EGODatabaseRow.m; sourceTree = "<group>"; };
		F0D15ABB119906C200D396DF /* README.markdown */ = {isa = PBXFileReference; fileEncoding = 4; lastKnownFileType = text; path = README.markdown; sourceTree = "<group>"; };
		F0D15AEB119909A500D396DF /* Experiment.h */ = {isa = PBXFileReference; fileEncoding = 4; lastKnownFileType = sourcecode.c.h; path = Experiment.h; sourceTree = "<group>"; };
		F0D15AEC119909A500D396DF /* Experiment.m */ = {isa = PBXFileReference; fileEncoding = 4; lastKnownFileType = sourcecode.c.objc; path = Experiment.m; sourceTree = "<group>"; };
		FC2362D011C089500046C6D9 /* CustomHeaderView.h */ = {isa = PBXFileReference; fileEncoding = 4; lastKnownFileType = sourcecode.c.h; path = CustomHeaderView.h; sourceTree = "<group>"; };
		FC2362D111C089500046C6D9 /* CustomHeaderView.m */ = {isa = PBXFileReference; fileEncoding = 4; lastKnownFileType = sourcecode.c.objc; path = CustomHeaderView.m; sourceTree = "<group>"; };
		FC23638711C0D6410046C6D9 /* SectionHeader_BG.png */ = {isa = PBXFileReference; lastKnownFileType = image.png; name = SectionHeader_BG.png; path = Classes/SectionHeader_BG.png; sourceTree = "<group>"; };
		FC23639D11C164AC0046C6D9 /* NewsListVC.h */ = {isa = PBXFileReference; fileEncoding = 4; lastKnownFileType = sourcecode.c.h; path = NewsListVC.h; sourceTree = "<group>"; };
		FC23639E11C164AC0046C6D9 /* NewsListVC.m */ = {isa = PBXFileReference; fileEncoding = 4; lastKnownFileType = sourcecode.c.objc; path = NewsListVC.m; sourceTree = "<group>"; };
		FC23668B11C2A28E0046C6D9 /* Section.h */ = {isa = PBXFileReference; fileEncoding = 4; lastKnownFileType = sourcecode.c.h; path = Section.h; sourceTree = "<group>"; };
		FC23668C11C2A28E0046C6D9 /* Section.m */ = {isa = PBXFileReference; fileEncoding = 4; lastKnownFileType = sourcecode.c.objc; path = Section.m; sourceTree = "<group>"; };
		FC3015FB11A780260051A7B6 /* NewsViewController.h */ = {isa = PBXFileReference; fileEncoding = 4; lastKnownFileType = sourcecode.c.h; path = NewsViewController.h; sourceTree = "<group>"; };
		FC3015FC11A780260051A7B6 /* NewsViewController.m */ = {isa = PBXFileReference; fileEncoding = 4; lastKnownFileType = sourcecode.c.objc; path = NewsViewController.m; sourceTree = "<group>"; };
		FC3015FD11A780260051A7B6 /* NewsViewController.xib */ = {isa = PBXFileReference; lastKnownFileType = file.xib; name = NewsViewController.xib; path = Classes/NewsViewController.xib; sourceTree = "<group>"; };
		FC795ED811AB72BA004F50F9 /* SimpleRSS.css */ = {isa = PBXFileReference; fileEncoding = 4; lastKnownFileType = text.css; path = SimpleRSS.css; sourceTree = "<group>"; };
		FC795ED911AB72BB004F50F9 /* SimpleRSSTest.html */ = {isa = PBXFileReference; fileEncoding = 4; lastKnownFileType = text.html; path = SimpleRSSTest.html; sourceTree = "<group>"; };
		FC8D6DDD11AD2390007F94AB /* Group.h */ = {isa = PBXFileReference; fileEncoding = 4; lastKnownFileType = sourcecode.c.h; path = Group.h; sourceTree = "<group>"; };
		FC8D6DDE11AD2390007F94AB /* Group.m */ = {isa = PBXFileReference; fileEncoding = 4; lastKnownFileType = sourcecode.c.objc; path = Group.m; sourceTree = "<group>"; };
		FC8D709011AE7215007F94AB /* Football.png */ = {isa = PBXFileReference; lastKnownFileType = image.png; path = Football.png; sourceTree = "<group>"; };
		FC8D711A11AE9BB6007F94AB /* FolderCell.h */ = {isa = PBXFileReference; fileEncoding = 4; lastKnownFileType = sourcecode.c.h; name = FolderCell.h; path = ../FolderCell.h; sourceTree = "<group>"; };
		FC8D711B11AE9BB6007F94AB /* FolderCell.m */ = {isa = PBXFileReference; fileEncoding = 4; lastKnownFileType = sourcecode.c.objc; name = FolderCell.m; path = ../FolderCell.m; sourceTree = "<group>"; };
		FC8D712011AE9C4C007F94AB /* FolderCell.xib */ = {isa = PBXFileReference; lastKnownFileType = file.xib; name = FolderCell.xib; path = Classes/FolderCell.xib; sourceTree = "<group>"; };
		FC8D72B011AFD0F4007F94AB /* Folder.png */ = {isa = PBXFileReference; lastKnownFileType = image.png; path = Folder.png; sourceTree = "<group>"; };
		FC8D72C211AFD1AC007F94AB /* Folder1.png */ = {isa = PBXFileReference; lastKnownFileType = image.png; path = Folder1.png; sourceTree = "<group>"; };
		FC8D72DA11AFD5D0007F94AB /* NewsCell.h */ = {isa = PBXFileReference; fileEncoding = 4; lastKnownFileType = sourcecode.c.h; path = NewsCell.h; sourceTree = "<group>"; };
		FC8D72DB11AFD5D0007F94AB /* NewsCell.m */ = {isa = PBXFileReference; fileEncoding = 4; lastKnownFileType = sourcecode.c.objc; path = NewsCell.m; sourceTree = "<group>"; };
		FC8D72E311AFD8C0007F94AB /* NewsCell.xib */ = {isa = PBXFileReference; lastKnownFileType = file.xib; name = NewsCell.xib; path = Classes/NewsCell.xib; sourceTree = "<group>"; };
		FC8D731C11AFDDEA007F94AB /* Feed.png */ = {isa = PBXFileReference; lastKnownFileType = image.png; path = Feed.png; sourceTree = "<group>"; };
		FC9EDD3611B41FFF00AC8822 /* QuartzCore.framework */ = {isa = PBXFileReference; lastKnownFileType = wrapper.framework; name = QuartzCore.framework; path = System/Library/Frameworks/QuartzCore.framework; sourceTree = SDKROOT; };
		FCA889EE11B7978800980051 /* FolderCompositeCell.h */ = {isa = PBXFileReference; fileEncoding = 4; lastKnownFileType = sourcecode.c.h; path = FolderCompositeCell.h; sourceTree = "<group>"; };
		FCA889EF11B7978800980051 /* FolderCompositeCell.m */ = {isa = PBXFileReference; fileEncoding = 4; lastKnownFileType = sourcecode.c.objc; path = FolderCompositeCell.m; sourceTree = "<group>"; };
		FCA88AAD11B7A23F00980051 /* NewsCompositeCell.h */ = {isa = PBXFileReference; fileEncoding = 4; lastKnownFileType = sourcecode.c.h; path = NewsCompositeCell.h; sourceTree = "<group>"; };
		FCA88AAE11B7A23F00980051 /* NewsCompositeCell.m */ = {isa = PBXFileReference; fileEncoding = 4; lastKnownFileType = sourcecode.c.objc; path = NewsCompositeCell.m; sourceTree = "<group>"; };
		FCA88AF511B7BD9E00980051 /* GoogleReaderSync.h */ = {isa = PBXFileReference; fileEncoding = 4; lastKnownFileType = sourcecode.c.h; path = GoogleReaderSync.h; sourceTree = "<group>"; };
		FCA88AF611B7BD9E00980051 /* GoogleReaderSync.m */ = {isa = PBXFileReference; fileEncoding = 4; lastKnownFileType = sourcecode.c.objc; path = GoogleReaderSync.m; sourceTree = "<group>"; };
		FCB33A5711B4A369001D491B /* NSDataAdditions.h */ = {isa = PBXFileReference; fileEncoding = 4; lastKnownFileType = sourcecode.c.h; path = NSDataAdditions.h; sourceTree = "<group>"; };
		FCB33A5811B4A369001D491B /* NSDataAdditions.m */ = {isa = PBXFileReference; fileEncoding = 4; lastKnownFileType = sourcecode.c.objc; path = NSDataAdditions.m; sourceTree = "<group>"; };
		FCB33A5911B4A369001D491B /* TBXML.h */ = {isa = PBXFileReference; fileEncoding = 4; lastKnownFileType = sourcecode.c.h; path = TBXML.h; sourceTree = "<group>"; };
		FCB33A5A11B4A369001D491B /* TBXML.m */ = {isa = PBXFileReference; fileEncoding = 4; lastKnownFileType = sourcecode.c.objc; path = TBXML.m; sourceTree = "<group>"; };
		FCB33B0C11B4B103001D491B /* MyHTMLStripper.h */ = {isa = PBXFileReference; fileEncoding = 4; lastKnownFileType = sourcecode.c.h; path = MyHTMLStripper.h; sourceTree = "<group>"; };
		FCB33B0D11B4B103001D491B /* MyHTMLStripper.m */ = {isa = PBXFileReference; fileEncoding = 4; lastKnownFileType = sourcecode.c.objc; path = MyHTMLStripper.m; sourceTree = "<group>"; };
		FCBC75AC11B90BB000F60857 /* AppIcon.png */ = {isa = PBXFileReference; lastKnownFileType = image.png; path = AppIcon.png; sourceTree = "<group>"; };
		FCBC772711B92E7200F60857 /* SimpleRSS.sqlite */ = {isa = PBXFileReference; lastKnownFileType = file; path = SimpleRSS.sqlite; sourceTree = "<group>"; };
		FCEFD6EA11A4E44C00FB001D /* NewsItem.h */ = {isa = PBXFileReference; fileEncoding = 4; lastKnownFileType = sourcecode.c.h; path = NewsItem.h; sourceTree = "<group>"; };
		FCEFD6EB11A4E44C00FB001D /* NewsItem.m */ = {isa = PBXFileReference; fileEncoding = 4; lastKnownFileType = sourcecode.c.objc; path = NewsItem.m; sourceTree = "<group>"; };
/* End PBXFileReference section */

/* Begin PBXFrameworksBuildPhase section */
		1D60588F0D05DD3D006BFB54 /* Frameworks */ = {
			isa = PBXFrameworksBuildPhase;
			buildActionMask = 2147483647;
			files = (
				1D60589F0D05DD5A006BFB54 /* Foundation.framework in Frameworks */,
				1DF5F4E00D08C38300B7A737 /* UIKit.framework in Frameworks */,
				2892E4100DC94CBA00A64D0F /* CoreGraphics.framework in Frameworks */,
				F00183E4119539A6003DD2E4 /* libsqlite3.0.dylib in Frameworks */,
				F0A75598119D16160081498E /* CFNetwork.framework in Frameworks */,
				F0A7559A119D16210081498E /* SystemConfiguration.framework in Frameworks */,
				F0A7559C119D162D0081498E /* MobileCoreServices.framework in Frameworks */,
				F0A7559F119D164F0081498E /* libz.1.1.3.dylib in Frameworks */,
				FC9EDD3711B41FFF00AC8822 /* QuartzCore.framework in Frameworks */,
			);
			runOnlyForDeploymentPostprocessing = 0;
		};
/* End PBXFrameworksBuildPhase section */

/* Begin PBXGroup section */
		080E96DDFE201D6D7F000001 /* Library */ = {
			isa = PBXGroup;
			children = (
				F05E3234119017550059DE7A /* JSON */,
				F0A75575119D15BF0081498E /* ASI HTTP Request */,
				F0D15B4E11991A1C00D396DF /* EGODatabase */,
			);
			name = Library;
			path = Classes;
			sourceTree = "<group>";
		};
		19C28FACFE9D520D11CA2CBB /* Products */ = {
			isa = PBXGroup;
			children = (
				1D6058910D05DD3D006BFB54 /* Simple RSS.app */,
			);
			name = Products;
			sourceTree = "<group>";
		};
		29B97314FDCFA39411CA2CEA /* CustomTemplate */ = {
			isa = PBXGroup;
			children = (
				FCB33C5611B60C07001D491B /* Interface Build */,
				FCB33A5611B4A369001D491B /* TBXML */,
				FC3015DF11A6CFDB0051A7B6 /* Models */,
				FC3015E011A6D01E0051A7B6 /* View Controller */,
				F03FB6E311902A9500B97815 /* Parser Classes */,
				F0C58366119016BF006FD21C /* Experiment */,
				F04FAE551186A0BC001E7A1B /* HelperClasses */,
				080E96DDFE201D6D7F000001 /* Library */,
				29B97315FDCFA39411CA2CEA /* Other Sources */,
				29B97317FDCFA39411CA2CEA /* Resources-iPad */,
				29B97323FDCFA39411CA2CEA /* Frameworks */,
				19C28FACFE9D520D11CA2CBB /* Products */,
			);
			name = CustomTemplate;
			sourceTree = "<group>";
		};
		29B97315FDCFA39411CA2CEA /* Other Sources */ = {
			isa = PBXGroup;
			children = (
				28A0AAE50D9B0CCF005BE974 /* Simple_RSS_Prefix.pch */,
				29B97316FDCFA39411CA2CEA /* main.m */,
				FCBC772711B92E7200F60857 /* SimpleRSS.sqlite */,
			);
			name = "Other Sources";
			sourceTree = "<group>";
		};
		29B97317FDCFA39411CA2CEA /* Resources-iPad */ = {
			isa = PBXGroup;
			children = (
				FCBC75AC11B90BB000F60857 /* AppIcon.png */,
				FC795ED811AB72BA004F50F9 /* SimpleRSS.css */,
				FC795ED911AB72BB004F50F9 /* SimpleRSSTest.html */,
				F04FAED11187611E001E7A1B /* Images */,
				8D1107310486CEB800E47090 /* Simple_RSS-Info.plist */,
			);
			name = "Resources-iPad";
			sourceTree = "<group>";
		};
		29B97323FDCFA39411CA2CEA /* Frameworks */ = {
			isa = PBXGroup;
			children = (
				F0A75597119D16160081498E /* CFNetwork.framework */,
				F0A75599119D16210081498E /* SystemConfiguration.framework */,
				F0A7559B119D162D0081498E /* MobileCoreServices.framework */,
				F0A7559D119D16490081498E /* libz.1.1.3.dylib */,
				FC9EDD3611B41FFF00AC8822 /* QuartzCore.framework */,
				1DF5F4DF0D08C38300B7A737 /* UIKit.framework */,
				1D30AB110D05D00D00671497 /* Foundation.framework */,
				2892E40F0DC94CBA00A64D0F /* CoreGraphics.framework */,
				F00183E3119539A6003DD2E4 /* libsqlite3.0.dylib */,
			);
			name = Frameworks;
			sourceTree = "<group>";
		};
		F03FB6E311902A9500B97815 /* Parser Classes */ = {
			isa = PBXGroup;
			children = (
				F049D1D3119BA3CB00101980 /* RSSParser.h */,
				F049D1D4119BA3CB00101980 /* RSSParser.m */,
				F049D2DE119BEA3600101980 /* UserDefinedConst.h */,
				F049D2DF119BEA3600101980 /* UserDefinedConst.m */,
				FCA88AF511B7BD9E00980051 /* GoogleReaderSync.h */,
				FCA88AF611B7BD9E00980051 /* GoogleReaderSync.m */,
			);
			name = "Parser Classes";
			path = Classes;
			sourceTree = "<group>";
		};
		F04FAE551186A0BC001E7A1B /* HelperClasses */ = {
			isa = PBXGroup;
			children = (
				F04FAE5E1186A0BC001E7A1B /* GoogleReaderHelper.h */,
				F04FAE5F1186A0BC001E7A1B /* GoogleReaderHelper.m */,
			);
			name = HelperClasses;
			sourceTree = "<group>";
		};
		F04FAED11187611E001E7A1B /* Images */ = {
			isa = PBXGroup;
			children = (
				FC23638711C0D6410046C6D9 /* SectionHeader_BG.png */,
				FC8D72C211AFD1AC007F94AB /* Folder1.png */,
				FC8D709011AE7215007F94AB /* Football.png */,
				F04FAED6118762A6001E7A1B /* Button.png */,
				FC8D731C11AFDDEA007F94AB /* Feed.png */,
				FC8D72B011AFD0F4007F94AB /* Folder.png */,
				F04FAEC811876116001E7A1B /* Login.png */,
			);
			name = Images;
			sourceTree = "<group>";
		};
		F05E3234119017550059DE7A /* JSON */ = {
			isa = PBXGroup;
			children = (
				F05E3235119017550059DE7A /* JSON.h */,
				F05E3236119017550059DE7A /* NSObject+SBJSON.h */,
				F05E3237119017550059DE7A /* NSObject+SBJSON.m */,
				F05E3238119017550059DE7A /* NSString+SBJSON.h */,
				F05E3239119017550059DE7A /* NSString+SBJSON.m */,
				F05E323A119017550059DE7A /* SBJSON.h */,
				F05E323B119017550059DE7A /* SBJSON.m */,
				F05E323C119017550059DE7A /* SBJsonBase.h */,
				F05E323D119017550059DE7A /* SBJsonBase.m */,
				F05E323E119017550059DE7A /* SBJsonParser.h */,
				F05E323F119017550059DE7A /* SBJsonParser.m */,
				F05E3240119017550059DE7A /* SBJsonWriter.h */,
				F05E3241119017550059DE7A /* SBJsonWriter.m */,
			);
			path = JSON;
			sourceTree = "<group>";
		};
		F0A75575119D15BF0081498E /* ASI HTTP Request */ = {
			isa = PBXGroup;
			children = (
				F0A755AE119D172B0081498E /* Reachability 2.0 */,
				F0A7557C119D15E70081498E /* ASIHTTPRequestConfig.h */,
				F0A7557D119D15E70081498E /* ASIHTTPRequestDelegate.h */,
				F0A7557E119D15E70081498E /* ASIProgressDelegate.h */,
				F0A7557F119D15E70081498E /* ASIAuthenticationDialog.h */,
				F0A75580119D15E70081498E /* ASIAuthenticationDialog.m */,
				F0A75581119D15E70081498E /* ASIInputStream.h */,
				F0A75582119D15E70081498E /* ASIInputStream.m */,
				F0A75583119D15E70081498E /* ASIFormDataRequest.h */,
				F0A75584119D15E70081498E /* ASIFormDataRequest.m */,
				F0A75585119D15E70081498E /* ASIHTTPRequest.h */,
				F0A75586119D15E70081498E /* ASIHTTPRequest.m */,
				F0A75587119D15E70081498E /* ASINetworkQueue.h */,
				F0A75588119D15E70081498E /* ASINetworkQueue.m */,
				F0A75589119D15E70081498E /* ASINSStringAdditions.h */,
				F0A7558A119D15E70081498E /* ASINSStringAdditions.m */,
			);
			name = "ASI HTTP Request";
			sourceTree = "<group>";
		};
		F0A755AE119D172B0081498E /* Reachability 2.0 */ = {
			isa = PBXGroup;
			children = (
				F0A755AB119D17260081498E /* Reachability.h */,
				F0A755AC119D17260081498E /* Reachability.m */,
			);
			name = "Reachability 2.0";
			sourceTree = "<group>";
		};
		F0C58366119016BF006FD21C /* Experiment */ = {
			isa = PBXGroup;
			children = (
				F0D15AEB119909A500D396DF /* Experiment.h */,
				F0D15AEC119909A500D396DF /* Experiment.m */,
				F049CFA311998D6700101980 /* EGODB.h */,
				F049CFA411998D6700101980 /* EGODB.m */,
				F049D258119BBDAD00101980 /* DateHelper.h */,
				F049D259119BBDAD00101980 /* DateHelper.m */,
			);
			name = Experiment;
			sourceTree = "<group>";
		};
		F0D15B4E11991A1C00D396DF /* EGODatabase */ = {
			isa = PBXGroup;
			children = (
				F0D15AB3119906C200D396DF /* EGODatabase.h */,
				F0D15AB4119906C200D396DF /* EGODatabase.m */,
				F0D15AB5119906C200D396DF /* EGODatabaseRequest.h */,
				F0D15AB6119906C200D396DF /* EGODatabaseRequest.m */,
				F0D15AB7119906C200D396DF /* EGODatabaseResult.h */,
				F0D15AB8119906C200D396DF /* EGODatabaseResult.m */,
				F0D15AB9119906C200D396DF /* EGODatabaseRow.h */,
				F0D15ABA119906C200D396DF /* EGODatabaseRow.m */,
				F0D15ABB119906C200D396DF /* README.markdown */,
			);
			name = EGODatabase;
			sourceTree = "<group>";
		};
		FC3015DF11A6CFDB0051A7B6 /* Models */ = {
			isa = PBXGroup;
			children = (
				F049D15F119B054200101980 /* MySingleton.h */,
				F049D160119B054200101980 /* MySingleton.m */,
				F0018399119520CD003DD2E4 /* Feed.h */,
				F001839A119520CD003DD2E4 /* Feed.m */,
				FCEFD6EA11A4E44C00FB001D /* NewsItem.h */,
				FCEFD6EB11A4E44C00FB001D /* NewsItem.m */,
				FC8D6DDD11AD2390007F94AB /* Group.h */,
				FC8D6DDE11AD2390007F94AB /* Group.m */,
			);
			name = Models;
			path = Classes;
			sourceTree = "<group>";
		};
		FC3015E011A6D01E0051A7B6 /* View Controller */ = {
			isa = PBXGroup;
			children = (
				FC8D705111AE6348007F94AB /* TableView Cell */,
				1D3623240D0F684500981E51 /* Simple_RSSAppDelegate.h */,
				1D3623250D0F684500981E51 /* Simple_RSSAppDelegate.m */,
				28042009108E984D000629CD /* DetailViewController.h */,
				2804200A108E984D000629CD /* DetailViewController.m */,
				F049F449117D70E100B94F8E /* AuthViewController.h */,
				F049F44A117D70E100B94F8E /* AuthViewController.m */,
				F05E326111901B400059DE7A /* FolderViewController.h */,
				F05E326211901B400059DE7A /* FolderViewController.m */,
				FC3015FB11A780260051A7B6 /* NewsViewController.h */,
				FC3015FC11A780260051A7B6 /* NewsViewController.m */,
			);
			name = "View Controller";
			path = Classes;
			sourceTree = "<group>";
		};
		FC8D705111AE6348007F94AB /* TableView Cell */ = {
			isa = PBXGroup;
			children = (
				FC8D711A11AE9BB6007F94AB /* FolderCell.h */,
				FC8D711B11AE9BB6007F94AB /* FolderCell.m */,
				FC8D72DA11AFD5D0007F94AB /* NewsCell.h */,
				FC8D72DB11AFD5D0007F94AB /* NewsCell.m */,
				FCA889EE11B7978800980051 /* FolderCompositeCell.h */,
				FCA889EF11B7978800980051 /* FolderCompositeCell.m */,
				FCA88AAD11B7A23F00980051 /* NewsCompositeCell.h */,
				FCA88AAE11B7A23F00980051 /* NewsCompositeCell.m */,
				FC2362D011C089500046C6D9 /* CustomHeaderView.h */,
				FC2362D111C089500046C6D9 /* CustomHeaderView.m */,
				FC23639D11C164AC0046C6D9 /* NewsListVC.h */,
				FC23639E11C164AC0046C6D9 /* NewsListVC.m */,
				FC23668B11C2A28E0046C6D9 /* Section.h */,
				FC23668C11C2A28E0046C6D9 /* Section.m */,
			);
			name = "TableView Cell";
			sourceTree = "<group>";
		};
		FCB33A5611B4A369001D491B /* TBXML */ = {
			isa = PBXGroup;
			children = (
				FCB33B0C11B4B103001D491B /* MyHTMLStripper.h */,
				FCB33B0D11B4B103001D491B /* MyHTMLStripper.m */,
				FCB33A5711B4A369001D491B /* NSDataAdditions.h */,
				FCB33A5811B4A369001D491B /* NSDataAdditions.m */,
				FCB33A5911B4A369001D491B /* TBXML.h */,
				FCB33A5A11B4A369001D491B /* TBXML.m */,
			);
			name = TBXML;
			sourceTree = "<group>";
		};
		FCB33C5611B60C07001D491B /* Interface Build */ = {
			isa = PBXGroup;
			children = (
				F049F44B117D70E100B94F8E /* AuthViewController.xib */,
				2804203B108E9BAB000629CD /* DetailView.xib */,
				FC8D712011AE9C4C007F94AB /* FolderCell.xib */,
				F05E326311901B400059DE7A /* FolderViewController.xib */,
				28AD735F0D9D9599002E5188 /* MainWindow.xib */,
				FC8D72E311AFD8C0007F94AB /* NewsCell.xib */,
				FC3015FD11A780260051A7B6 /* NewsViewController.xib */,
			);
			name = "Interface Build";
			sourceTree = "<group>";
		};
/* End PBXGroup section */

/* Begin PBXNativeTarget section */
		1D6058900D05DD3D006BFB54 /* Simple RSS */ = {
			isa = PBXNativeTarget;
			buildConfigurationList = 1D6058960D05DD3E006BFB54 /* Build configuration list for PBXNativeTarget "Simple RSS" */;
			buildPhases = (
				1D60588D0D05DD3D006BFB54 /* Resources */,
				1D60588E0D05DD3D006BFB54 /* Sources */,
				1D60588F0D05DD3D006BFB54 /* Frameworks */,
			);
			buildRules = (
			);
			dependencies = (
			);
			name = "Simple RSS";
			productName = "Simple RSS";
			productReference = 1D6058910D05DD3D006BFB54 /* Simple RSS.app */;
			productType = "com.apple.product-type.application";
		};
/* End PBXNativeTarget section */

/* Begin PBXProject section */
		29B97313FDCFA39411CA2CEA /* Project object */ = {
			isa = PBXProject;
			buildConfigurationList = C01FCF4E08A954540054247B /* Build configuration list for PBXProject "Simple RSS" */;
			compatibilityVersion = "Xcode 3.2";
			hasScannedForEncodings = 1;
			knownRegions = (
				English,
				Japanese,
				French,
				German,
				en,
			);
			mainGroup = 29B97314FDCFA39411CA2CEA /* CustomTemplate */;
			projectDirPath = "";
			projectRoot = "";
			targets = (
				1D6058900D05DD3D006BFB54 /* Simple RSS */,
			);
		};
/* End PBXProject section */

/* Begin PBXResourcesBuildPhase section */
		1D60588D0D05DD3D006BFB54 /* Resources */ = {
			isa = PBXResourcesBuildPhase;
			buildActionMask = 2147483647;
			files = (
				28AD73600D9D9599002E5188 /* MainWindow.xib in Resources */,
				2804203C108E9BAB000629CD /* DetailView.xib in Resources */,
				F049F44D117D70E100B94F8E /* AuthViewController.xib in Resources */,
				F04FAEC911876116001E7A1B /* Login.png in Resources */,
				F04FAED7118762A6001E7A1B /* Button.png in Resources */,
				F05E326511901B400059DE7A /* FolderViewController.xib in Resources */,
				F0D15AC0119906C200D396DF /* README.markdown in Resources */,
				FC3015FF11A780260051A7B6 /* NewsViewController.xib in Resources */,
				FC795EDA11AB72BB004F50F9 /* SimpleRSS.css in Resources */,
				FC795EDB11AB72BB004F50F9 /* SimpleRSSTest.html in Resources */,
				FC8D709111AE7215007F94AB /* Football.png in Resources */,
				FC8D712111AE9C4C007F94AB /* FolderCell.xib in Resources */,
				FC8D72B111AFD0F4007F94AB /* Folder.png in Resources */,
				FC8D72C311AFD1AC007F94AB /* Folder1.png in Resources */,
				FC8D72E411AFD8C0007F94AB /* NewsCell.xib in Resources */,
				FC8D731D11AFDDEA007F94AB /* Feed.png in Resources */,
				FCBC75AD11B90BB000F60857 /* AppIcon.png in Resources */,
				FCBC772811B92E7200F60857 /* SimpleRSS.sqlite in Resources */,
				FC23638811C0D6410046C6D9 /* SectionHeader_BG.png in Resources */,
			);
			runOnlyForDeploymentPostprocessing = 0;
		};
/* End PBXResourcesBuildPhase section */

/* Begin PBXSourcesBuildPhase section */
		1D60588E0D05DD3D006BFB54 /* Sources */ = {
			isa = PBXSourcesBuildPhase;
			buildActionMask = 2147483647;
			files = (
				1D60589B0D05DD56006BFB54 /* main.m in Sources */,
				1D3623260D0F684500981E51 /* Simple_RSSAppDelegate.m in Sources */,
				2804200C108E984D000629CD /* DetailViewController.m in Sources */,
				F049F44C117D70E100B94F8E /* AuthViewController.m in Sources */,
				F04FAE631186A0BC001E7A1B /* GoogleReaderHelper.m in Sources */,
				F05E3242119017550059DE7A /* NSObject+SBJSON.m in Sources */,
				F05E3243119017550059DE7A /* NSString+SBJSON.m in Sources */,
				F05E3244119017550059DE7A /* SBJSON.m in Sources */,
				F05E3245119017550059DE7A /* SBJsonBase.m in Sources */,
				F05E3246119017550059DE7A /* SBJsonParser.m in Sources */,
				F05E3247119017550059DE7A /* SBJsonWriter.m in Sources */,
				F05E326411901B400059DE7A /* FolderViewController.m in Sources */,
				F001839B119520CD003DD2E4 /* Feed.m in Sources */,
				F0D15ABC119906C200D396DF /* EGODatabase.m in Sources */,
				F0D15ABD119906C200D396DF /* EGODatabaseRequest.m in Sources */,
				F0D15ABE119906C200D396DF /* EGODatabaseResult.m in Sources */,
				F0D15ABF119906C200D396DF /* EGODatabaseRow.m in Sources */,
				F0D15AED119909A500D396DF /* Experiment.m in Sources */,
				F049CFA511998D6700101980 /* EGODB.m in Sources */,
				F049D161119B054200101980 /* MySingleton.m in Sources */,
				F049D1D5119BA3CB00101980 /* RSSParser.m in Sources */,
				F049D25A119BBDAD00101980 /* DateHelper.m in Sources */,
				F049D2E0119BEA3600101980 /* UserDefinedConst.m in Sources */,
				F0A7558B119D15E70081498E /* ASIAuthenticationDialog.m in Sources */,
				F0A7558C119D15E70081498E /* ASIInputStream.m in Sources */,
				F0A7558D119D15E70081498E /* ASIFormDataRequest.m in Sources */,
				F0A7558E119D15E70081498E /* ASIHTTPRequest.m in Sources */,
				F0A7558F119D15E70081498E /* ASINetworkQueue.m in Sources */,
				F0A75590119D15E70081498E /* ASINSStringAdditions.m in Sources */,
				F0A755AD119D17260081498E /* Reachability.m in Sources */,
				FCEFD6EC11A4E44C00FB001D /* NewsItem.m in Sources */,
				FC3015FE11A780260051A7B6 /* NewsViewController.m in Sources */,
				FC8D6DDF11AD2390007F94AB /* Group.m in Sources */,
				FC8D711C11AE9BB6007F94AB /* FolderCell.m in Sources */,
				FC8D72DC11AFD5D0007F94AB /* NewsCell.m in Sources */,
				FCB33A5B11B4A369001D491B /* NSDataAdditions.m in Sources */,
				FCB33A5C11B4A369001D491B /* TBXML.m in Sources */,
				FCB33B0E11B4B103001D491B /* MyHTMLStripper.m in Sources */,
				FCA889F011B7978800980051 /* FolderCompositeCell.m in Sources */,
				FCA88AAF11B7A23F00980051 /* NewsCompositeCell.m in Sources */,
				FCA88AF711B7BD9E00980051 /* GoogleReaderSync.m in Sources */,
				FC2362D211C089500046C6D9 /* CustomHeaderView.m in Sources */,
				FC23639F11C164AC0046C6D9 /* NewsListVC.m in Sources */,
				FC23668D11C2A28E0046C6D9 /* Section.m in Sources */,
			);
			runOnlyForDeploymentPostprocessing = 0;
		};
/* End PBXSourcesBuildPhase section */

/* Begin XCBuildConfiguration section */
		1D6058940D05DD3E006BFB54 /* Debug */ = {
			isa = XCBuildConfiguration;
			buildSettings = {
				ALWAYS_SEARCH_USER_PATHS = NO;
				COPY_PHASE_STRIP = NO;
				GCC_DYNAMIC_NO_PIC = NO;
				GCC_OPTIMIZATION_LEVEL = 0;
				GCC_PRECOMPILE_PREFIX_HEADER = YES;
				GCC_PREFIX_HEADER = Simple_RSS_Prefix.pch;
				INFOPLIST_FILE = "Simple_RSS-Info.plist";
				PRODUCT_NAME = "Simple RSS";
				TARGETED_DEVICE_FAMILY = 2;
			};
			name = Debug;
		};
		1D6058950D05DD3E006BFB54 /* Release */ = {
			isa = XCBuildConfiguration;
			buildSettings = {
				ALWAYS_SEARCH_USER_PATHS = NO;
				COPY_PHASE_STRIP = YES;
				GCC_PRECOMPILE_PREFIX_HEADER = YES;
				GCC_PREFIX_HEADER = Simple_RSS_Prefix.pch;
				INFOPLIST_FILE = "Simple_RSS-Info.plist";
				PRODUCT_NAME = "Simple RSS";
				TARGETED_DEVICE_FAMILY = 2;
				VALIDATE_PRODUCT = YES;
			};
			name = Release;
		};
		C01FCF4F08A954540054247B /* Debug */ = {
			isa = XCBuildConfiguration;
			buildSettings = {
				ARCHS = "$(ARCHS_UNIVERSAL_IPHONE_OS)";
				"CODE_SIGN_IDENTITY[sdk=iphoneos*]" = "iPhone Developer: Manh Tuan Cao (3GVQ7QE7W5)";
				GCC_C_LANGUAGE_STANDARD = c99;
				GCC_VERSION = "";
				GCC_WARN_ABOUT_RETURN_TYPE = YES;
				GCC_WARN_UNUSED_VARIABLE = YES;
				HEADER_SEARCH_PATHS = ../three20/Build/Products/three20;
				OTHER_LDFLAGS = (
					"-all_load",
					"-ObjC",
				);
				PREBINDING = NO;
				"PROVISIONING_PROFILE[sdk=iphoneos*]" = "E5765451-C068-426B-A1FB-8FAE16E4D27C";
				SDKROOT = iphoneos3.2;
				VALID_ARCHS = armv7;
			};
			name = Debug;
		};
		C01FCF5008A954540054247B /* Release */ = {
			isa = XCBuildConfiguration;
			buildSettings = {
				ARCHS = "$(ARCHS_STANDARD_32_BIT)";
				"CODE_SIGN_IDENTITY[sdk=iphoneos*]" = "iPhone Developer";
				GCC_C_LANGUAGE_STANDARD = c99;
				GCC_VERSION = "";
				GCC_WARN_ABOUT_RETURN_TYPE = YES;
				GCC_WARN_UNUSED_VARIABLE = YES;
				HEADER_SEARCH_PATHS = ../three20/Build/Products/three20;
				PREBINDING = NO;
				SDKROOT = iphoneos3.2;
			};
			name = Release;
		};
/* End XCBuildConfiguration section */

/* Begin XCConfigurationList section */
		1D6058960D05DD3E006BFB54 /* Build configuration list for PBXNativeTarget "Simple RSS" */ = {
			isa = XCConfigurationList;
			buildConfigurations = (
				1D6058940D05DD3E006BFB54 /* Debug */,
				1D6058950D05DD3E006BFB54 /* Release */,
			);
			defaultConfigurationIsVisible = 0;
			defaultConfigurationName = Release;
		};
		C01FCF4E08A954540054247B /* Build configuration list for PBXProject "Simple RSS" */ = {
			isa = XCConfigurationList;
			buildConfigurations = (
				C01FCF4F08A954540054247B /* Debug */,
				C01FCF5008A954540054247B /* Release */,
			);
			defaultConfigurationIsVisible = 0;
			defaultConfigurationName = Release;
		};
/* End XCConfigurationList section */
	};
	rootObject = 29B97313FDCFA39411CA2CEA /* Project object */;
}
