// !$*UTF8*$!
{
	archiveVersion = 1;
	classes = {
	};
	objectVersion = 46;
	objects = {

/* Begin PBXBuildFile section */
		1D3623260D0F684500981E51 /* Simple_RSSAppDelegate.m in Sources */ = {isa = PBXBuildFile; fileRef = 1D3623250D0F684500981E51 /* Simple_RSSAppDelegate.m */; };
		1D60589B0D05DD56006BFB54 /* main.m in Sources */ = {isa = PBXBuildFile; fileRef = 29B97316FDCFA39411CA2CEA /* main.m */; };
		1D60589F0D05DD5A006BFB54 /* Foundation.framework in Frameworks */ = {isa = PBXBuildFile; fileRef = 1D30AB110D05D00D00671497 /* Foundation.framework */; };
		1DF5F4E00D08C38300B7A737 /* UIKit.framework in Frameworks */ = {isa = PBXBuildFile; fileRef = 1DF5F4DF0D08C38300B7A737 /* UIKit.framework */; };
		2804200B108E984D000629CD /* MasterViewController.m in Sources */ = {isa = PBXBuildFile; fileRef = 28042008108E984D000629CD /* MasterViewController.m */; };
		2804200C108E984D000629CD /* DetailViewController.m in Sources */ = {isa = PBXBuildFile; fileRef = 2804200A108E984D000629CD /* DetailViewController.m */; };
		2804203C108E9BAB000629CD /* DetailView.xib in Resources */ = {isa = PBXBuildFile; fileRef = 2804203B108E9BAB000629CD /* DetailView.xib */; };
		2892E4100DC94CBA00A64D0F /* CoreGraphics.framework in Frameworks */ = {isa = PBXBuildFile; fileRef = 2892E40F0DC94CBA00A64D0F /* CoreGraphics.framework */; };
		28AD73600D9D9599002E5188 /* MainWindow.xib in Resources */ = {isa = PBXBuildFile; fileRef = 28AD735F0D9D9599002E5188 /* MainWindow.xib */; };
		F001839B119520CD003DD2E4 /* Feed.m in Sources */ = {isa = PBXBuildFile; fileRef = F001839A119520CD003DD2E4 /* Feed.m */; };
		F00183CC11953891003DD2E4 /* SimpleRSS.db in Resources */ = {isa = PBXBuildFile; fileRef = F00183CB11953891003DD2E4 /* SimpleRSS.db */; };
		F00183E4119539A6003DD2E4 /* libsqlite3.0.dylib in Frameworks */ = {isa = PBXBuildFile; fileRef = F00183E3119539A6003DD2E4 /* libsqlite3.0.dylib */; };
		F03FB6E611902AB100B97815 /* FeedParser.m in Sources */ = {isa = PBXBuildFile; fileRef = F03FB6E511902AB100B97815 /* FeedParser.m */; };
		F049F44C117D70E100B94F8E /* AuthViewController.m in Sources */ = {isa = PBXBuildFile; fileRef = F049F44A117D70E100B94F8E /* AuthViewController.m */; };
		F049F44D117D70E100B94F8E /* AuthViewController.xib in Resources */ = {isa = PBXBuildFile; fileRef = F049F44B117D70E100B94F8E /* AuthViewController.xib */; };
		F04FAE631186A0BC001E7A1B /* GoogleReaderHelper.m in Sources */ = {isa = PBXBuildFile; fileRef = F04FAE5F1186A0BC001E7A1B /* GoogleReaderHelper.m */; };
		F04FAEC911876116001E7A1B /* Login.png in Resources */ = {isa = PBXBuildFile; fileRef = F04FAEC811876116001E7A1B /* Login.png */; };
		F04FAED7118762A6001E7A1B /* Button.png in Resources */ = {isa = PBXBuildFile; fileRef = F04FAED6118762A6001E7A1B /* Button.png */; };
		F05E3242119017550059DE7A /* NSObject+SBJSON.m in Sources */ = {isa = PBXBuildFile; fileRef = F05E3237119017550059DE7A /* NSObject+SBJSON.m */; };
		F05E3243119017550059DE7A /* NSString+SBJSON.m in Sources */ = {isa = PBXBuildFile; fileRef = F05E3239119017550059DE7A /* NSString+SBJSON.m */; };
		F05E3244119017550059DE7A /* SBJSON.m in Sources */ = {isa = PBXBuildFile; fileRef = F05E323B119017550059DE7A /* SBJSON.m */; };
		F05E3245119017550059DE7A /* SBJsonBase.m in Sources */ = {isa = PBXBuildFile; fileRef = F05E323D119017550059DE7A /* SBJsonBase.m */; };
		F05E3246119017550059DE7A /* SBJsonParser.m in Sources */ = {isa = PBXBuildFile; fileRef = F05E323F119017550059DE7A /* SBJsonParser.m */; };
		F05E3247119017550059DE7A /* SBJsonWriter.m in Sources */ = {isa = PBXBuildFile; fileRef = F05E3241119017550059DE7A /* SBJsonWriter.m */; };
		F05E326411901B400059DE7A /* FolderViewController.m in Sources */ = {isa = PBXBuildFile; fileRef = F05E326211901B400059DE7A /* FolderViewController.m */; };
		F05E326511901B400059DE7A /* FolderViewController.xib in Resources */ = {isa = PBXBuildFile; fileRef = F05E326311901B400059DE7A /* FolderViewController.xib */; };
/* End PBXBuildFile section */

/* Begin PBXFileReference section */
		1D30AB110D05D00D00671497 /* Foundation.framework */ = {isa = PBXFileReference; lastKnownFileType = wrapper.framework; name = Foundation.framework; path = System/Library/Frameworks/Foundation.framework; sourceTree = SDKROOT; };
		1D3623240D0F684500981E51 /* Simple_RSSAppDelegate.h */ = {isa = PBXFileReference; fileEncoding = 4; lastKnownFileType = sourcecode.c.h; path = Simple_RSSAppDelegate.h; sourceTree = "<group>"; };
		1D3623250D0F684500981E51 /* Simple_RSSAppDelegate.m */ = {isa = PBXFileReference; fileEncoding = 4; lastKnownFileType = sourcecode.c.objc; path = Simple_RSSAppDelegate.m; sourceTree = "<group>"; };
		1D6058910D05DD3D006BFB54 /* Simple RSS.app */ = {isa = PBXFileReference; explicitFileType = wrapper.application; includeInIndex = 0; path = "Simple RSS.app"; sourceTree = BUILT_PRODUCTS_DIR; };
		1DF5F4DF0D08C38300B7A737 /* UIKit.framework */ = {isa = PBXFileReference; lastKnownFileType = wrapper.framework; name = UIKit.framework; path = System/Library/Frameworks/UIKit.framework; sourceTree = SDKROOT; };
		28042007108E984D000629CD /* MasterViewController.h */ = {isa = PBXFileReference; fileEncoding = 4; lastKnownFileType = sourcecode.c.h; path = MasterViewController.h; sourceTree = "<group>"; };
		28042008108E984D000629CD /* MasterViewController.m */ = {isa = PBXFileReference; fileEncoding = 4; lastKnownFileType = sourcecode.c.objc; path = MasterViewController.m; sourceTree = "<group>"; };
		28042009108E984D000629CD /* DetailViewController.h */ = {isa = PBXFileReference; fileEncoding = 4; lastKnownFileType = sourcecode.c.h; path = DetailViewController.h; sourceTree = "<group>"; };
		2804200A108E984D000629CD /* DetailViewController.m */ = {isa = PBXFileReference; fileEncoding = 4; lastKnownFileType = sourcecode.c.objc; path = DetailViewController.m; sourceTree = "<group>"; };
		2804203B108E9BAB000629CD /* DetailView.xib */ = {isa = PBXFileReference; lastKnownFileType = file.xib; path = DetailView.xib; sourceTree = "<group>"; };
		2892E40F0DC94CBA00A64D0F /* CoreGraphics.framework */ = {isa = PBXFileReference; lastKnownFileType = wrapper.framework; name = CoreGraphics.framework; path = System/Library/Frameworks/CoreGraphics.framework; sourceTree = SDKROOT; };
		28A0AAE50D9B0CCF005BE974 /* Simple_RSS_Prefix.pch */ = {isa = PBXFileReference; fileEncoding = 4; lastKnownFileType = sourcecode.c.h; path = Simple_RSS_Prefix.pch; sourceTree = "<group>"; };
		28AD735F0D9D9599002E5188 /* MainWindow.xib */ = {isa = PBXFileReference; lastKnownFileType = file.xib; path = MainWindow.xib; sourceTree = "<group>"; };
		29B97316FDCFA39411CA2CEA /* main.m */ = {isa = PBXFileReference; fileEncoding = 4; lastKnownFileType = sourcecode.c.objc; path = main.m; sourceTree = "<group>"; };
		8D1107310486CEB800E47090 /* Simple_RSS-Info.plist */ = {isa = PBXFileReference; fileEncoding = 4; lastKnownFileType = text.plist.xml; path = "Simple_RSS-Info.plist"; plistStructureDefinitionIdentifier = "com.apple.xcode.plist.structure-definition.iphone.info-plist"; sourceTree = "<group>"; };
		F0018399119520CD003DD2E4 /* Feed.h */ = {isa = PBXFileReference; fileEncoding = 4; lastKnownFileType = sourcecode.c.h; path = Feed.h; sourceTree = "<group>"; };
		F001839A119520CD003DD2E4 /* Feed.m */ = {isa = PBXFileReference; fileEncoding = 4; lastKnownFileType = sourcecode.c.objc; path = Feed.m; sourceTree = "<group>"; };
		F00183CB11953891003DD2E4 /* SimpleRSS.db */ = {isa = PBXFileReference; lastKnownFileType = file; path = SimpleRSS.db; sourceTree = "<group>"; };
		F00183E3119539A6003DD2E4 /* libsqlite3.0.dylib */ = {isa = PBXFileReference; lastKnownFileType = "compiled.mach-o.dylib"; name = libsqlite3.0.dylib; path = usr/lib/libsqlite3.0.dylib; sourceTree = SDKROOT; };
		F03FB6E411902AB100B97815 /* FeedParser.h */ = {isa = PBXFileReference; fileEncoding = 4; lastKnownFileType = sourcecode.c.h; path = FeedParser.h; sourceTree = "<group>"; };
		F03FB6E511902AB100B97815 /* FeedParser.m */ = {isa = PBXFileReference; fileEncoding = 4; lastKnownFileType = sourcecode.c.objc; path = FeedParser.m; sourceTree = "<group>"; wrapsLines = 1; };
		F049F449117D70E100B94F8E /* AuthViewController.h */ = {isa = PBXFileReference; fileEncoding = 4; lastKnownFileType = sourcecode.c.h; name = AuthViewController.h; path = ../AuthViewController.h; sourceTree = "<group>"; };
		F049F44A117D70E100B94F8E /* AuthViewController.m */ = {isa = PBXFileReference; fileEncoding = 4; lastKnownFileType = sourcecode.c.objc; name = AuthViewController.m; path = ../AuthViewController.m; sourceTree = "<group>"; wrapsLines = 1; };
		F049F44B117D70E100B94F8E /* AuthViewController.xib */ = {isa = PBXFileReference; lastKnownFileType = file.xib; name = AuthViewController.xib; path = ../AuthViewController.xib; sourceTree = "<group>"; };
		F04FAE5E1186A0BC001E7A1B /* GoogleReaderHelper.h */ = {isa = PBXFileReference; fileEncoding = 4; lastKnownFileType = sourcecode.c.h; path = GoogleReaderHelper.h; sourceTree = "<group>"; };
		F04FAE5F1186A0BC001E7A1B /* GoogleReaderHelper.m */ = {isa = PBXFileReference; fileEncoding = 4; lastKnownFileType = sourcecode.c.objc; path = GoogleReaderHelper.m; sourceTree = "<group>"; };
		F04FAEC811876116001E7A1B /* Login.png */ = {isa = PBXFileReference; lastKnownFileType = image.png; path = Login.png; sourceTree = "<group>"; };
		F04FAED6118762A6001E7A1B /* Button.png */ = {isa = PBXFileReference; lastKnownFileType = image.png; path = Button.png; sourceTree = "<group>"; };
		F05E3235119017550059DE7A /* JSON.h */ = {isa = PBXFileReference; fileEncoding = 4; lastKnownFileType = sourcecode.c.h; path = JSON.h; sourceTree = "<group>"; };
		F05E3236119017550059DE7A /* NSObject+SBJSON.h */ = {isa = PBXFileReference; fileEncoding = 4; lastKnownFileType = sourcecode.c.h; path = "NSObject+SBJSON.h"; sourceTree = "<group>"; };
		F05E3237119017550059DE7A /* NSObject+SBJSON.m */ = {isa = PBXFileReference; fileEncoding = 4; lastKnownFileType = sourcecode.c.objc; path = "NSObject+SBJSON.m"; sourceTree = "<group>"; };
		F05E3238119017550059DE7A /* NSString+SBJSON.h */ = {isa = PBXFileReference; fileEncoding = 4; lastKnownFileType = sourcecode.c.h; path = "NSString+SBJSON.h"; sourceTree = "<group>"; };
		F05E3239119017550059DE7A /* NSString+SBJSON.m */ = {isa = PBXFileReference; fileEncoding = 4; lastKnownFileType = sourcecode.c.objc; path = "NSString+SBJSON.m"; sourceTree = "<group>"; };
		F05E323A119017550059DE7A /* SBJSON.h */ = {isa = PBXFileReference; fileEncoding = 4; lastKnownFileType = sourcecode.c.h; path = SBJSON.h; sourceTree = "<group>"; };
		F05E323B119017550059DE7A /* SBJSON.m */ = {isa = PBXFileReference; fileEncoding = 4; lastKnownFileType = sourcecode.c.objc; path = SBJSON.m; sourceTree = "<group>"; };
		F05E323C119017550059DE7A /* SBJsonBase.h */ = {isa = PBXFileReference; fileEncoding = 4; lastKnownFileType = sourcecode.c.h; path = SBJsonBase.h; sourceTree = "<group>"; };
		F05E323D119017550059DE7A /* SBJsonBase.m */ = {isa = PBXFileReference; fileEncoding = 4; lastKnownFileType = sourcecode.c.objc; path = SBJsonBase.m; sourceTree = "<group>"; };
		F05E323E119017550059DE7A /* SBJsonParser.h */ = {isa = PBXFileReference; fileEncoding = 4; lastKnownFileType = sourcecode.c.h; path = SBJsonParser.h; sourceTree = "<group>"; };
		F05E323F119017550059DE7A /* SBJsonParser.m */ = {isa = PBXFileReference; fileEncoding = 4; lastKnownFileType = sourcecode.c.objc; path = SBJsonParser.m; sourceTree = "<group>"; };
		F05E3240119017550059DE7A /* SBJsonWriter.h */ = {isa = PBXFileReference; fileEncoding = 4; lastKnownFileType = sourcecode.c.h; path = SBJsonWriter.h; sourceTree = "<group>"; };
		F05E3241119017550059DE7A /* SBJsonWriter.m */ = {isa = PBXFileReference; fileEncoding = 4; lastKnownFileType = sourcecode.c.objc; path = SBJsonWriter.m; sourceTree = "<group>"; };
		F05E326111901B400059DE7A /* FolderViewController.h */ = {isa = PBXFileReference; fileEncoding = 4; lastKnownFileType = sourcecode.c.h; path = FolderViewController.h; sourceTree = "<group>"; };
		F05E326211901B400059DE7A /* FolderViewController.m */ = {isa = PBXFileReference; fileEncoding = 4; lastKnownFileType = sourcecode.c.objc; path = FolderViewController.m; sourceTree = "<group>"; };
		F05E326311901B400059DE7A /* FolderViewController.xib */ = {isa = PBXFileReference; lastKnownFileType = file.xib; path = FolderViewController.xib; sourceTree = "<group>"; };
/* End PBXFileReference section */

/* Begin PBXFrameworksBuildPhase section */
		1D60588F0D05DD3D006BFB54 /* Frameworks */ = {
			isa = PBXFrameworksBuildPhase;
			buildActionMask = 2147483647;
			files = (
				1D60589F0D05DD5A006BFB54 /* Foundation.framework in Frameworks */,
				1DF5F4E00D08C38300B7A737 /* UIKit.framework in Frameworks */,
				2892E4100DC94CBA00A64D0F /* CoreGraphics.framework in Frameworks */,
				F00183E4119539A6003DD2E4 /* libsqlite3.0.dylib in Frameworks */,
			);
			runOnlyForDeploymentPostprocessing = 0;
		};
/* End PBXFrameworksBuildPhase section */

/* Begin PBXGroup section */
		080E96DDFE201D6D7F000001 /* Classes */ = {
			isa = PBXGroup;
			children = (
				F03FB6E311902A9500B97815 /* Parser Classes */,
				1D3623240D0F684500981E51 /* Simple_RSSAppDelegate.h */,
				1D3623250D0F684500981E51 /* Simple_RSSAppDelegate.m */,
				28042007108E984D000629CD /* MasterViewController.h */,
				28042008108E984D000629CD /* MasterViewController.m */,
				28042009108E984D000629CD /* DetailViewController.h */,
				2804200A108E984D000629CD /* DetailViewController.m */,
				F049F449117D70E100B94F8E /* AuthViewController.h */,
				F049F44A117D70E100B94F8E /* AuthViewController.m */,
				F049F44B117D70E100B94F8E /* AuthViewController.xib */,
				F05E326111901B400059DE7A /* FolderViewController.h */,
				F05E326211901B400059DE7A /* FolderViewController.m */,
				F05E326311901B400059DE7A /* FolderViewController.xib */,
				F0018399119520CD003DD2E4 /* Feed.h */,
				F001839A119520CD003DD2E4 /* Feed.m */,
			);
			path = Classes;
			sourceTree = "<group>";
		};
		19C28FACFE9D520D11CA2CBB /* Products */ = {
			isa = PBXGroup;
			children = (
				1D6058910D05DD3D006BFB54 /* Simple RSS.app */,
			);
			name = Products;
			sourceTree = "<group>";
		};
		29B97314FDCFA39411CA2CEA /* CustomTemplate */ = {
			isa = PBXGroup;
			children = (
				F0C58366119016BF006FD21C /* New Group */,
				F04FAED11187611E001E7A1B /* Images */,
				F04FAE551186A0BC001E7A1B /* HelperClasses */,
				080E96DDFE201D6D7F000001 /* Classes */,
				29B97315FDCFA39411CA2CEA /* Other Sources */,
				29B97317FDCFA39411CA2CEA /* Resources-iPad */,
				29B97323FDCFA39411CA2CEA /* Frameworks */,
				19C28FACFE9D520D11CA2CBB /* Products */,
			);
			name = CustomTemplate;
			sourceTree = "<group>";
		};
		29B97315FDCFA39411CA2CEA /* Other Sources */ = {
			isa = PBXGroup;
			children = (
				F00183CB11953891003DD2E4 /* SimpleRSS.db */,
				28A0AAE50D9B0CCF005BE974 /* Simple_RSS_Prefix.pch */,
				29B97316FDCFA39411CA2CEA /* main.m */,
			);
			name = "Other Sources";
			sourceTree = "<group>";
		};
		29B97317FDCFA39411CA2CEA /* Resources-iPad */ = {
			isa = PBXGroup;
			children = (
				28AD735F0D9D9599002E5188 /* MainWindow.xib */,
				2804203B108E9BAB000629CD /* DetailView.xib */,
				8D1107310486CEB800E47090 /* Simple_RSS-Info.plist */,
			);
			name = "Resources-iPad";
			sourceTree = "<group>";
		};
		29B97323FDCFA39411CA2CEA /* Frameworks */ = {
			isa = PBXGroup;
			children = (
				1DF5F4DF0D08C38300B7A737 /* UIKit.framework */,
				1D30AB110D05D00D00671497 /* Foundation.framework */,
				2892E40F0DC94CBA00A64D0F /* CoreGraphics.framework */,
				F00183E3119539A6003DD2E4 /* libsqlite3.0.dylib */,
			);
			name = Frameworks;
			sourceTree = "<group>";
		};
		F03FB6E311902A9500B97815 /* Parser Classes */ = {
			isa = PBXGroup;
			children = (
				F03FB6E411902AB100B97815 /* FeedParser.h */,
				F03FB6E511902AB100B97815 /* FeedParser.m */,
			);
			name = "Parser Classes";
			sourceTree = "<group>";
		};
		F04FAE551186A0BC001E7A1B /* HelperClasses */ = {
			isa = PBXGroup;
			children = (
				F05E3234119017550059DE7A /* JSON */,
				F04FAE5E1186A0BC001E7A1B /* GoogleReaderHelper.h */,
				F04FAE5F1186A0BC001E7A1B /* GoogleReaderHelper.m */,
			);
			name = HelperClasses;
			sourceTree = "<group>";
		};
		F04FAED11187611E001E7A1B /* Images */ = {
			isa = PBXGroup;
			children = (
				F04FAED6118762A6001E7A1B /* Button.png */,
				F04FAEC811876116001E7A1B /* Login.png */,
			);
			name = Images;
			sourceTree = "<group>";
		};
		F05E3234119017550059DE7A /* JSON */ = {
			isa = PBXGroup;
			children = (
				F05E3235119017550059DE7A /* JSON.h */,
				F05E3236119017550059DE7A /* NSObject+SBJSON.h */,
				F05E3237119017550059DE7A /* NSObject+SBJSON.m */,
				F05E3238119017550059DE7A /* NSString+SBJSON.h */,
				F05E3239119017550059DE7A /* NSString+SBJSON.m */,
				F05E323A119017550059DE7A /* SBJSON.h */,
				F05E323B119017550059DE7A /* SBJSON.m */,
				F05E323C119017550059DE7A /* SBJsonBase.h */,
				F05E323D119017550059DE7A /* SBJsonBase.m */,
				F05E323E119017550059DE7A /* SBJsonParser.h */,
				F05E323F119017550059DE7A /* SBJsonParser.m */,
				F05E3240119017550059DE7A /* SBJsonWriter.h */,
				F05E3241119017550059DE7A /* SBJsonWriter.m */,
			);
			name = JSON;
			path = Classes/JSON;
			sourceTree = "<group>";
		};
		F0C58366119016BF006FD21C /* New Group */ = {
			isa = PBXGroup;
			children = (
			);
			name = "New Group";
			sourceTree = "<group>";
		};
/* End PBXGroup section */

/* Begin PBXNativeTarget section */
		1D6058900D05DD3D006BFB54 /* Simple RSS */ = {
			isa = PBXNativeTarget;
			buildConfigurationList = 1D6058960D05DD3E006BFB54 /* Build configuration list for PBXNativeTarget "Simple RSS" */;
			buildPhases = (
				1D60588D0D05DD3D006BFB54 /* Resources */,
				1D60588E0D05DD3D006BFB54 /* Sources */,
				1D60588F0D05DD3D006BFB54 /* Frameworks */,
			);
			buildRules = (
			);
			dependencies = (
			);
			name = "Simple RSS";
			productName = "Simple RSS";
			productReference = 1D6058910D05DD3D006BFB54 /* Simple RSS.app */;
			productType = "com.apple.product-type.application";
		};
/* End PBXNativeTarget section */

/* Begin PBXProject section */
		29B97313FDCFA39411CA2CEA /* Project object */ = {
			isa = PBXProject;
			buildConfigurationList = C01FCF4E08A954540054247B /* Build configuration list for PBXProject "Simple RSS" */;
			compatibilityVersion = "Xcode 3.2";
			hasScannedForEncodings = 1;
			knownRegions = (
				English,
				Japanese,
				French,
				German,
				en,
			);
			mainGroup = 29B97314FDCFA39411CA2CEA /* CustomTemplate */;
			projectDirPath = "";
			projectRoot = "";
			targets = (
				1D6058900D05DD3D006BFB54 /* Simple RSS */,
			);
		};
/* End PBXProject section */

/* Begin PBXResourcesBuildPhase section */
		1D60588D0D05DD3D006BFB54 /* Resources */ = {
			isa = PBXResourcesBuildPhase;
			buildActionMask = 2147483647;
			files = (
				28AD73600D9D9599002E5188 /* MainWindow.xib in Resources */,
				2804203C108E9BAB000629CD /* DetailView.xib in Resources */,
				F049F44D117D70E100B94F8E /* AuthViewController.xib in Resources */,
				F04FAEC911876116001E7A1B /* Login.png in Resources */,
				F04FAED7118762A6001E7A1B /* Button.png in Resources */,
				F05E326511901B400059DE7A /* FolderViewController.xib in Resources */,
				F00183CC11953891003DD2E4 /* SimpleRSS.db in Resources */,
			);
			runOnlyForDeploymentPostprocessing = 0;
		};
/* End PBXResourcesBuildPhase section */

/* Begin PBXSourcesBuildPhase section */
		1D60588E0D05DD3D006BFB54 /* Sources */ = {
			isa = PBXSourcesBuildPhase;
			buildActionMask = 2147483647;
			files = (
				1D60589B0D05DD56006BFB54 /* main.m in Sources */,
				1D3623260D0F684500981E51 /* Simple_RSSAppDelegate.m in Sources */,
				2804200B108E984D000629CD /* MasterViewController.m in Sources */,
				2804200C108E984D000629CD /* DetailViewController.m in Sources */,
				F049F44C117D70E100B94F8E /* AuthViewController.m in Sources */,
				F04FAE631186A0BC001E7A1B /* GoogleReaderHelper.m in Sources */,
				F05E3242119017550059DE7A /* NSObject+SBJSON.m in Sources */,
				F05E3243119017550059DE7A /* NSString+SBJSON.m in Sources */,
				F05E3244119017550059DE7A /* SBJSON.m in Sources */,
				F05E3245119017550059DE7A /* SBJsonBase.m in Sources */,
				F05E3246119017550059DE7A /* SBJsonParser.m in Sources */,
				F05E3247119017550059DE7A /* SBJsonWriter.m in Sources */,
				F05E326411901B400059DE7A /* FolderViewController.m in Sources */,
				F03FB6E611902AB100B97815 /* FeedParser.m in Sources */,
				F001839B119520CD003DD2E4 /* Feed.m in Sources */,
			);
			runOnlyForDeploymentPostprocessing = 0;
		};
/* End PBXSourcesBuildPhase section */

/* Begin XCBuildConfiguration section */
		1D6058940D05DD3E006BFB54 /* Debug */ = {
			isa = XCBuildConfiguration;
			buildSettings = {
				ALWAYS_SEARCH_USER_PATHS = NO;
				COPY_PHASE_STRIP = NO;
				GCC_DYNAMIC_NO_PIC = NO;
				GCC_OPTIMIZATION_LEVEL = 0;
				GCC_PRECOMPILE_PREFIX_HEADER = YES;
				GCC_PREFIX_HEADER = Simple_RSS_Prefix.pch;
				INFOPLIST_FILE = "Simple_RSS-Info.plist";
				PRODUCT_NAME = "Simple RSS";
				TARGETED_DEVICE_FAMILY = 2;
			};
			name = Debug;
		};
		1D6058950D05DD3E006BFB54 /* Release */ = {
			isa = XCBuildConfiguration;
			buildSettings = {
				ALWAYS_SEARCH_USER_PATHS = NO;
				COPY_PHASE_STRIP = YES;
				GCC_PRECOMPILE_PREFIX_HEADER = YES;
				GCC_PREFIX_HEADER = Simple_RSS_Prefix.pch;
				INFOPLIST_FILE = "Simple_RSS-Info.plist";
				PRODUCT_NAME = "Simple RSS";
				TARGETED_DEVICE_FAMILY = 2;
				VALIDATE_PRODUCT = YES;
			};
			name = Release;
		};
		C01FCF4F08A954540054247B /* Debug */ = {
			isa = XCBuildConfiguration;
			buildSettings = {
				ARCHS = "$(ARCHS_STANDARD_32_BIT)";
				"CODE_SIGN_IDENTITY[sdk=iphoneos*]" = "iPhone Developer";
				GCC_C_LANGUAGE_STANDARD = c99;
				GCC_VERSION = com.apple.compilers.llvm.clang.1_0;
				GCC_WARN_ABOUT_RETURN_TYPE = YES;
				GCC_WARN_UNUSED_VARIABLE = YES;
				PREBINDING = NO;
				SDKROOT = iphoneos3.2;
			};
			name = Debug;
		};
		C01FCF5008A954540054247B /* Release */ = {
			isa = XCBuildConfiguration;
			buildSettings = {
				ARCHS = "$(ARCHS_STANDARD_32_BIT)";
				"CODE_SIGN_IDENTITY[sdk=iphoneos*]" = "iPhone Developer";
				GCC_C_LANGUAGE_STANDARD = c99;
				GCC_VERSION = com.apple.compilers.llvm.clang.1_0;
				GCC_WARN_ABOUT_RETURN_TYPE = YES;
				GCC_WARN_UNUSED_VARIABLE = YES;
				PREBINDING = NO;
				SDKROOT = iphoneos3.2;
			};
			name = Release;
		};
/* End XCBuildConfiguration section */

/* Begin XCConfigurationList section */
		1D6058960D05DD3E006BFB54 /* Build configuration list for PBXNativeTarget "Simple RSS" */ = {
			isa = XCConfigurationList;
			buildConfigurations = (
				1D6058940D05DD3E006BFB54 /* Debug */,
				1D6058950D05DD3E006BFB54 /* Release */,
			);
			defaultConfigurationIsVisible = 0;
			defaultConfigurationName = Release;
		};
		C01FCF4E08A954540054247B /* Build configuration list for PBXProject "Simple RSS" */ = {
			isa = XCConfigurationList;
			buildConfigurations = (
				C01FCF4F08A954540054247B /* Debug */,
				C01FCF5008A954540054247B /* Release */,
			);
			defaultConfigurationIsVisible = 0;
			defaultConfigurationName = Release;
		};
/* End XCConfigurationList section */
	};
	rootObject = 29B97313FDCFA39411CA2CEA /* Project object */;
}
